<?xml version="1.0" encoding="utf-8"?>
<Project ToolsVersion="4.0" xmlns="http://schemas.microsoft.com/developer/msbuild/2003">
  <ItemGroup>
    <Filter Include="Source Files">
      <UniqueIdentifier>{d11eff5c-d55c-4fab-b1c4-39f8eb7d4b7c}</UniqueIdentifier>
      <Extensions>cpp;c;cxx;rc;def;r;odl;idl;hpj;bat</Extensions>
    </Filter>
    <Filter Include="Header Files">
      <UniqueIdentifier>{e9363e14-3d1d-4fc0-947a-ecfddb2af9b5}</UniqueIdentifier>
      <Extensions>h;hpp;hxx;hm;inl</Extensions>
    </Filter>
  </ItemGroup>
  <ItemGroup>
    <ClCompile Include="App.cpp">
      <Filter>Source Files</Filter>
    </ClCompile>
    <ClCompile Include="ErrDbg.cpp">
      <Filter>Source Files</Filter>
    </ClCompile>
    <ClCompile Include="glexfp.cpp">
      <Filter>Source Files</Filter>
    </ClCompile>
    <ClCompile Include="glexfplib.cpp">
      <Filter>Source Files</Filter>
    </ClCompile>
    <ClCompile Include="GLWindow.cpp">
      <Filter>Source Files</Filter>
    </ClCompile>
    <ClCompile Include="Image.cpp">
      <Filter>Source Files</Filter>
    </ClCompile>
    <ClCompile Include="Main.cpp">
      <Filter>Source Files</Filter>
    </ClCompile>
    <ClCompile Include="WindowEx.cpp">
      <Filter>Source Files</Filter>
    </ClCompile>
  </ItemGroup>
  <ItemGroup>
    <ClInclude Include="App.h">
      <Filter>Header Files</Filter>
    </ClInclude>
    <ClInclude Include="ErrDbg.h">
      <Filter>Header Files</Filter>
    </ClInclude>
    <ClInclude Include="glex.h">
      <Filter>Header Files</Filter>
    </ClInclude>
    <ClInclude Include="glexfp.h">
      <Filter>Header Files</Filter>
    </ClInclude>
    <ClInclude Include="GLExWindow.h">
      <Filter>Header Files</Filter>
    </ClInclude>
    <ClInclude Include="GLWindow.h">
      <Filter>Header Files</Filter>
    </ClInclude>
    <ClInclude Include="GLWindowEx.h">
      <Filter>Header Files</Filter>
    </ClInclude>
    <ClInclude Include="GXBase.h">
      <Filter>Header Files</Filter>
    </ClInclude>
    <ClInclude Include="Image.h">
      <Filter>Header Files</Filter>
    </ClInclude>
    <ClInclude Include="Main.h">
      <Filter>Header Files</Filter>
    </ClInclude>
    <ClInclude Include="WindowEx.h">
      <Filter>Header Files</Filter>
    </ClInclude>
  </ItemGroup>
  <ItemGroup>
    <Text Include="doc\readme.txt" />
  </ItemGroup>
</Project>