<?xml version="1.0" encoding="utf-8"?>
<Project ToolsVersion="4.0" xmlns="http://schemas.microsoft.com/developer/msbuild/2003">
  <ItemGroup>
    <ClCompile Include="stdafx.cpp">
      <Filter>Source Files</Filter>
    </ClCompile>
    <ClCompile Include="Camera.cpp">
      <Filter>Source Files\Scene\Camera</Filter>
    </ClCompile>
    <ClCompile Include="Cylinder.cpp">
      <Filter>Source Files\Geometry</Filter>
    </ClCompile>
    <ClCompile Include="Drift.cpp">
      <Filter>Source Files\Scene\Actors</Filter>
    </ClCompile>
    <ClCompile Include="Effect.cpp">
      <Filter>Source Files\Gfx\Shader</Filter>
    </ClCompile>
    <ClCompile Include="EffectMgr.cpp">
      <Filter>Source Files\Gfx\Shader</Filter>
    </ClCompile>
    <ClCompile Include="FrameBufferObject.cpp">
      <Filter>Source Files\Gfx</Filter>
    </ClCompile>
    <ClCompile Include="Globe.cpp">
      <Filter>Source Files\Scene\Actors</Filter>
    </ClCompile>
    <ClCompile Include="House.cpp">
      <Filter>Source Files\Scene\Actors</Filter>
    </ClCompile>
    <ClCompile Include="IGraphNode.cpp">
      <Filter>Source Files\Scene</Filter>
    </ClCompile>
    <ClCompile Include="InputMgr.cpp">
      <Filter>Source Files\Input</Filter>
    </ClCompile>
    <ClCompile Include="Lake.cpp">
      <Filter>Source Files\Scene\Actors</Filter>
    </ClCompile>
    <ClCompile Include="Light.cpp">
      <Filter>Source Files\Scene\Lights</Filter>
    </ClCompile>
    <ClCompile Include="main.cpp">
      <Filter>Source Files\Main</Filter>
    </ClCompile>
    <ClCompile Include="Material.cpp">
      <Filter>Source Files\Gfx\Textures</Filter>
    </ClCompile>
    <ClCompile Include="Plane.cpp">
      <Filter>Source Files\Geometry</Filter>
    </ClCompile>
    <ClCompile Include="snow.cpp">
      <Filter>Source Files\Scene\Actors</Filter>
    </ClCompile>
    <ClCompile Include="Snowfall.cpp">
      <Filter>Source Files\Scene\Actors</Filter>
    </ClCompile>
    <ClCompile Include="Terrain.cpp">
      <Filter>Source Files\Scene\Actors</Filter>
    </ClCompile>
    <ClCompile Include="Projection.cpp">
      <Filter>Source Files\Scene\Projection</Filter>
    </ClCompile>
    <ClCompile Include="Quad.cpp">
      <Filter>Source Files\Geometry</Filter>
    </ClCompile>
    <ClCompile Include="Sphere.cpp">
      <Filter>Source Files\Geometry</Filter>
    </ClCompile>
    <ClCompile Include="Tri.cpp">
      <Filter>Source Files\Geometry</Filter>
    </ClCompile>
    <ClCompile Include="SceneGraph.cpp">
      <Filter>Source Files\Scene</Filter>
    </ClCompile>
    <ClCompile Include="SeasonalTimeline.cpp">
      <Filter>Source Files\Timing</Filter>
    </ClCompile>
    <ClCompile Include="SceneLights.cpp">
      <Filter>Source Files\Scene\Lights</Filter>
    </ClCompile>
    <ClCompile Include="ShaderProgram.cpp">
      <Filter>Source Files\Gfx\Shader</Filter>
    </ClCompile>
    <ClCompile Include="Shader.cpp">
      <Filter>Source Files\Gfx\Shader</Filter>
    </ClCompile>
    <ClCompile Include="VertexBufferObject.cpp">
      <Filter>Source Files\Gfx</Filter>
    </ClCompile>
    <ClCompile Include="Texture.cpp">
      <Filter>Source Files\Gfx\Textures</Filter>
    </ClCompile>
    <ClCompile Include="Simulation.cpp">
      <Filter>Source Files\Main</Filter>
    </ClCompile>
    <ClCompile Include="Pbo.cpp">
      <Filter>Source Files\Gfx</Filter>
    </ClCompile>
    <ClCompile Include="WavefrontObj.cpp">
      <Filter>Source Files\Data\Import</Filter>
    </ClCompile>
    <ClCompile Include="WavefrontMtl.cpp">
      <Filter>Source Files\Data\Import</Filter>
    </ClCompile>
    <ClCompile Include="Actor.cpp">
      <Filter>Source Files\Scene\Actors</Filter>
    </ClCompile>
    <ClCompile Include="Segment.cpp">
      <Filter>Source Files\Geometry</Filter>
    </ClCompile>
    <ClCompile Include="LSystem.cpp">
      <Filter>Source Files\Data</Filter>
    </ClCompile>
    <ClCompile Include="Tree.cpp">
      <Filter>Source Files\Scene\Actors</Filter>
    </ClCompile>
    <ClCompile Include="TreeShaderz.cpp">
      <Filter>Source Files\Scene\Actors</Filter>
    </ClCompile>
  </ItemGroup>
  <ItemGroup>
    <ClInclude Include="Camera.h">
      <Filter>Header Files\Scene\Camera</Filter>
    </ClInclude>
    <ClInclude Include="Cylinder.h">
      <Filter>Header Files\Geometry</Filter>
    </ClInclude>
    <ClInclude Include="stdafx.h">
      <Filter>Header Files</Filter>
    </ClInclude>
    <ClInclude Include="targetver.h">
      <Filter>Header Files</Filter>
    </ClInclude>
    <ClInclude Include="Drift.h">
      <Filter>Header Files\Scene\Actors</Filter>
    </ClInclude>
    <ClInclude Include="Effect.h">
      <Filter>Header Files\Gfx\Shader</Filter>
    </ClInclude>
    <ClInclude Include="EffectMgr.h">
      <Filter>Header Files\Gfx\Shader</Filter>
    </ClInclude>
    <ClInclude Include="Fire.h">
      <Filter>Header Files\Scene\Actors</Filter>
    </ClInclude>
    <ClInclude Include="Globe.h">
      <Filter>Header Files\Scene\Actors</Filter>
    </ClInclude>
    <ClInclude Include="House.h">
      <Filter>Header Files\Scene\Actors</Filter>
    </ClInclude>
    <ClInclude Include="IGeometry.h">
      <Filter>Header Files\Geometry</Filter>
    </ClInclude>
    <ClInclude Include="IGraphNode.h">
      <Filter>Header Files\Scene</Filter>
    </ClInclude>
    <ClInclude Include="InputMgr.h">
      <Filter>Header Files\Input</Filter>
    </ClInclude>
    <ClInclude Include="Lake.h">
      <Filter>Header Files\Scene\Actors</Filter>
    </ClInclude>
    <ClInclude Include="Light.h">
      <Filter>Header Files\Scene\Lights</Filter>
    </ClInclude>
    <ClInclude Include="Lightning.h">
      <Filter>Header Files\Scene\Actors</Filter>
    </ClInclude>
    <ClInclude Include="Material.h">
      <Filter>Header Files\Gfx\Textures</Filter>
    </ClInclude>
    <ClInclude Include="Plane.h">
      <Filter>Header Files\Geometry</Filter>
    </ClInclude>
    <ClInclude Include="Projection.h">
      <Filter>Header Files\Scene\Projection</Filter>
    </ClInclude>
    <ClInclude Include="Quad.h">
      <Filter>Header Files\Geometry</Filter>
    </ClInclude>
    <ClInclude Include="SceneGraph.h">
      <Filter>Header Files\Scene</Filter>
    </ClInclude>
    <ClInclude Include="SceneLights.h">
      <Filter>Header Files\Scene\Lights</Filter>
    </ClInclude>
    <ClInclude Include="Shader.h">
      <Filter>Header Files\Gfx\Shader</Filter>
    </ClInclude>
    <ClInclude Include="SeasonalTimeline.h">
      <Filter>Header Files\Timing</Filter>
    </ClInclude>
    <ClInclude Include="ShaderDesc.h">
      <Filter>Header Files\Gfx\Shader</Filter>
    </ClInclude>
    <ClInclude Include="ShaderInputAttribute.h">
      <Filter>Header Files\Gfx\Shader</Filter>
    </ClInclude>
    <ClInclude Include="ShaderProgram.h">
      <Filter>Header Files\Gfx\Shader</Filter>
    </ClInclude>
    <ClInclude Include="ShaderTypes.h">
      <Filter>Header Files\Gfx\Shader</Filter>
    </ClInclude>
    <ClInclude Include="Simulation.h">
      <Filter>Header Files\Main</Filter>
    </ClInclude>
    <ClInclude Include="slowglobe-cfg.h">
      <Filter>Header Files\Cfg</Filter>
    </ClInclude>
    <ClInclude Include="Smoke.h">
      <Filter>Header Files\Scene\Actors</Filter>
    </ClInclude>
    <ClInclude Include="Snow.h">
      <Filter>Header Files\Scene\Actors</Filter>
    </ClInclude>
    <ClInclude Include="Snowfall.h">
      <Filter>Header Files\Scene\Actors</Filter>
    </ClInclude>
    <ClInclude Include="Sphere.h">
      <Filter>Header Files\Geometry</Filter>
    </ClInclude>
    <ClInclude Include="Terrain.h">
      <Filter>Header Files\Scene\Actors</Filter>
    </ClInclude>
    <ClInclude Include="Texture.h">
      <Filter>Header Files\Gfx\Textures</Filter>
    </ClInclude>
    <ClInclude Include="Tri.h">
      <Filter>Header Files\Geometry</Filter>
    </ClInclude>
    <ClInclude Include="FrameBufferObject.h">
      <Filter>Header Files\Gfx</Filter>
    </ClInclude>
    <ClInclude Include="Vbo.h">
      <Filter>Header Files\Gfx</Filter>
    </ClInclude>
    <ClInclude Include="VertexBufferObject.h">
      <Filter>Header Files\Gfx</Filter>
    </ClInclude>
    <ClInclude Include="VertexClass.h">
      <Filter>Header Files\Data</Filter>
    </ClInclude>
    <ClInclude Include="Pbo.h">
      <Filter>Header Files\Gfx</Filter>
    </ClInclude>
    <ClInclude Include="WavefrontObj.h">
      <Filter>Header Files\Data\Import</Filter>
    </ClInclude>
    <ClInclude Include="WavefrontMtl.h">
      <Filter>Header Files\Data\Import</Filter>
    </ClInclude>
    <ClInclude Include="Actor.h">
      <Filter>Header Files\Scene\Actors</Filter>
    </ClInclude>
    <ClInclude Include="Segment.h">
      <Filter>Header Files\Geometry</Filter>
    </ClInclude>
    <ClInclude Include="LSystem.h">
      <Filter>Header Files\Data</Filter>
    </ClInclude>
    <ClInclude Include="Tree.h">
      <Filter>Header Files\Scene\Actors</Filter>
    </ClInclude>
    <ClInclude Include="TreeShaderz.h">
      <Filter>Header Files\Scene\Actors</Filter>
    </ClInclude>
    <ClInclude Include="Colours.h">
      <Filter>Header Files\Data</Filter>
    </ClInclude>
    <ClInclude Include="HashedString.h">
      <Filter>Source Files\Data</Filter>
    </ClInclude>
  </ItemGroup>
  <ItemGroup>
    <None Include="level 0.cd" />
    <None Include="..\assets\256-circle-alphamap.bmp">
      <Filter>Resource Files\Assets</Filter>
    </None>
    <None Include="..\assets\bark_1.jpg">
      <Filter>Resource Files\Assets</Filter>
    </None>
    <None Include="..\assets\bark_1_bump.jpg">
      <Filter>Resource Files\Assets</Filter>
    </None>
    <None Include="..\assets\bark_2.jpg">
      <Filter>Resource Files\Assets</Filter>
    </None>
    <None Include="..\assets\bark_2_bump.jpg">
      <Filter>Resource Files\Assets</Filter>
    </None>
    <None Include="..\Shaders\debug.frag">
      <Filter>Resource Files\Shaders</Filter>
    </None>
    <None Include="..\Shaders\debug.vert">
      <Filter>Resource Files\Shaders</Filter>
    </None>
    <None Include="..\Shaders\debug.geo">
      <Filter>Resource Files\Shaders</Filter>
    </None>
    <None Include="..\assets\lush_grass.jpg">
      <Filter>Resource Files\Assets</Filter>
    </None>
    <None Include="..\assets\grass_1.jpg">
      <Filter>Resource Files\Assets</Filter>
    </None>
    <None Include="..\assets\Grass.bmp">
      <Filter>Resource Files\Assets</Filter>
    </None>
    <None Include="..\assets\grass_2.jpg">
      <Filter>Resource Files\Assets</Filter>
    </None>
    <None Include="..\assets\grass_3.jpg">
      <Filter>Resource Files\Assets</Filter>
    </None>
    <None Include="..\assets\grass_4.jpg">
      <Filter>Resource Files\Assets</Filter>
    </None>
    <None Include="..\assets\grass_4.png">
      <Filter>Resource Files\Assets</Filter>
    </None>
    <None Include="..\assets\grassC.jpg">
      <Filter>Resource Files\Assets</Filter>
    </None>
    <None Include="..\assets\heightfield.bmp">
      <Filter>Resource Files\Assets</Filter>
    </None>
    <None Include="..\assets\heightfield2.bmp">
      <Filter>Resource Files\Assets</Filter>
    </None>
    <None Include="..\assets\heightfield3.bmp">
      <Filter>Resource Files\Assets</Filter>
    </None>
    <None Include="..\assets\heightfield4.bmp">
      <Filter>Resource Files\Assets</Filter>
    </None>
    <None Include="..\Shaders\Lake.frag">
      <Filter>Resource Files\Shaders</Filter>
    </None>
    <None Include="..\Shaders\Lake.vert">
      <Filter>Resource Files\Shaders</Filter>
    </None>
    <None Include="small.ico">
      <Filter>Resource Files</Filter>
    </None>
    <None Include="..\Shaders\textured-phong-alphamap.frag">
      <Filter>Resource Files\Shaders</Filter>
    </None>
    <None Include="..\Shaders\textured-phong.frag">
      <Filter>Resource Files\Shaders</Filter>
    </None>
    <None Include="..\Shaders\textured-phong.vert">
      <Filter>Resource Files\Shaders</Filter>
    </None>
    <None Include="..\Shaders\Snow.frag">
      <Filter>Resource Files\Shaders</Filter>
    </None>
    <None Include="..\Shaders\Snow.vert">
      <Filter>Resource Files\Shaders</Filter>
    </None>
    <None Include="..\Shaders\Snowfall.frag">
      <Filter>Resource Files\Shaders</Filter>
    </None>
    <None Include="..\Shaders\Snowfall.vert">
      <Filter>Resource Files\Shaders</Filter>
    </None>
    <None Include="SnowGlobe.ico">
      <Filter>Resource Files</Filter>
    </None>
    <None Include="..\Shaders\flat.frag">
      <Filter>Resource Files\Shaders</Filter>
    </None>
    <None Include="..\Shaders\flat.vert">
      <Filter>Resource Files\Shaders</Filter>
    </None>
    <None Include="..\Shaders\globe.vert">
      <Filter>Resource Files\Shaders</Filter>
    </None>
    <None Include="..\Shaders\globe.frag">
      <Filter>Resource Files\Shaders</Filter>
    </None>
    <None Include="..\Shaders\wireframe.vert">
      <Filter>Resource Files\Shaders</Filter>
    </None>
    <None Include="..\Shaders\wireframe.frag">
      <Filter>Resource Files\Shaders</Filter>
    </None>
  </ItemGroup>
  <ItemGroup>
    <Filter Include="Header Files">
      <UniqueIdentifier>{7f88d9cc-9299-48fe-ad74-d9a448217bf8}</UniqueIdentifier>
    </Filter>
    <Filter Include="Resource Files">
      <UniqueIdentifier>{0dc0e557-5ac1-4b38-a7d4-641369b255e6}</UniqueIdentifier>
    </Filter>
    <Filter Include="Source Files">
      <UniqueIdentifier>{5e2dd9e9-b6e6-41db-995d-985ae74dc88f}</UniqueIdentifier>
    </Filter>
    <Filter Include="Resource Files\Shaders">
      <UniqueIdentifier>{31b2c1a3-fda7-4ddb-89af-c45100374967}</UniqueIdentifier>
    </Filter>
    <Filter Include="Header Files\Cfg">
      <UniqueIdentifier>{c817b35c-01d2-4769-89fc-68c8c208c0ad}</UniqueIdentifier>
    </Filter>
    <Filter Include="Header Files\Data">
      <UniqueIdentifier>{bde8d2e9-8cce-4ac2-9eec-a9694ce8da26}</UniqueIdentifier>
    </Filter>
    <Filter Include="Header Files\Geometry">
      <UniqueIdentifier>{b9f319ce-0c42-4782-bb6d-c0f00fa83f7b}</UniqueIdentifier>
    </Filter>
    <Filter Include="Header Files\Gfx">
      <UniqueIdentifier>{1c60a15b-7863-4980-b7c7-b951028ae425}</UniqueIdentifier>
    </Filter>
    <Filter Include="Header Files\Input">
      <UniqueIdentifier>{24411818-a3e3-49dd-ae2c-7fc23269921b}</UniqueIdentifier>
    </Filter>
    <Filter Include="Header Files\Main">
      <UniqueIdentifier>{b8fb0db6-0592-4e3d-98e8-9ba8352617d3}</UniqueIdentifier>
    </Filter>
    <Filter Include="Header Files\Scene">
      <UniqueIdentifier>{93d33f07-ac7c-4d7b-9a27-30fb27e546d5}</UniqueIdentifier>
    </Filter>
    <Filter Include="Header Files\Gfx\Shader">
      <UniqueIdentifier>{5762f6dc-7ecb-4be7-8d26-320800c398c6}</UniqueIdentifier>
    </Filter>
    <Filter Include="Header Files\Gfx\Textures">
      <UniqueIdentifier>{9fde8eb9-f107-4f92-930c-9a54f41b2577}</UniqueIdentifier>
    </Filter>
    <Filter Include="Header Files\Scene\Actors">
      <UniqueIdentifier>{29c6f959-2758-40ea-a8d5-7d06fcf15abd}</UniqueIdentifier>
    </Filter>
    <Filter Include="Header Files\Scene\Camera">
      <UniqueIdentifier>{a2c9e8d1-8218-426e-bb32-48d4896a66ac}</UniqueIdentifier>
    </Filter>
    <Filter Include="Header Files\Scene\Lights">
      <UniqueIdentifier>{b4ae67bb-0263-4829-a2f3-b490adc01f63}</UniqueIdentifier>
    </Filter>
    <Filter Include="Header Files\Scene\Projection">
      <UniqueIdentifier>{78165b34-9c84-47a8-8e9e-d0b46d18c4d9}</UniqueIdentifier>
    </Filter>
    <Filter Include="Resource Files\Assets">
      <UniqueIdentifier>{67a81981-9728-40c8-a7ae-11f4164b6f99}</UniqueIdentifier>
    </Filter>
    <Filter Include="Header Files\Timing">
      <UniqueIdentifier>{5b6ef7a4-de9c-4e1b-85fe-64c247fa3cbe}</UniqueIdentifier>
    </Filter>
    <Filter Include="Source Files\Data">
      <UniqueIdentifier>{601b6244-1bc2-43e6-9140-2589efa4ce42}</UniqueIdentifier>
    </Filter>
    <Filter Include="Source Files\Geometry">
      <UniqueIdentifier>{f93ca0b3-b3df-47f4-883b-707914ef7f75}</UniqueIdentifier>
    </Filter>
    <Filter Include="Source Files\Gfx">
      <UniqueIdentifier>{61002c78-74e8-4792-91e2-5c56cbbedf69}</UniqueIdentifier>
    </Filter>
    <Filter Include="Source Files\Input">
      <UniqueIdentifier>{695a62f2-c2fd-4287-bd69-3c9995dea019}</UniqueIdentifier>
    </Filter>
    <Filter Include="Source Files\Main">
      <UniqueIdentifier>{0a14e411-c200-4f7e-b387-a727e87e98b7}</UniqueIdentifier>
    </Filter>
    <Filter Include="Source Files\Scene">
      <UniqueIdentifier>{ee4ed134-88a2-4ad8-85de-1332d10f8f69}</UniqueIdentifier>
    </Filter>
    <Filter Include="Source Files\Scene\Actors">
      <UniqueIdentifier>{5e342551-a01d-44c6-825c-89faa877d636}</UniqueIdentifier>
    </Filter>
    <Filter Include="Source Files\Scene\Camera">
      <UniqueIdentifier>{954622ab-7b3a-4e60-9c4f-38ffe91dee55}</UniqueIdentifier>
    </Filter>
    <Filter Include="Source Files\Scene\Lights">
      <UniqueIdentifier>{4ea490fe-63da-452f-8219-7398b5d367d1}</UniqueIdentifier>
    </Filter>
    <Filter Include="Source Files\Scene\Projection">
      <UniqueIdentifier>{5db42be1-25fc-4834-a956-8f65fa7c9d76}</UniqueIdentifier>
    </Filter>
    <Filter Include="Source Files\Gfx\Shader">
      <UniqueIdentifier>{4710f3a4-ed3b-456b-aa4c-9e0eed8037d4}</UniqueIdentifier>
    </Filter>
    <Filter Include="Source Files\Gfx\Textures">
      <UniqueIdentifier>{dbff49cc-2283-4e13-8c6f-9b46a10b1cb2}</UniqueIdentifier>
    </Filter>
    <Filter Include="Source Files\Timing">
      <UniqueIdentifier>{dbbc7439-b87f-4b24-b56b-f4322387287b}</UniqueIdentifier>
    </Filter>
    <Filter Include="Header Files\Data\Import">
      <UniqueIdentifier>{46b6f603-886a-4643-a073-41be030e3cc0}</UniqueIdentifier>
    </Filter>
    <Filter Include="Source Files\Data\Import">
      <UniqueIdentifier>{1ba72f9d-8781-4fd3-9125-63fc94ee20d1}</UniqueIdentifier>
    </Filter>
  </ItemGroup>
</Project>